
Microsoft Visual Studio Solution File, Format Version 12.00
# Visual Studio Version 16
VisualStudioVersion = 16.0.32901.82
MinimumVisualStudioVersion = 10.0.40219.1
Project("{FAE04EC0-301F-11D3-BF4B-00C04F79EFBC}") = "UserRegistration", "UserRegistration.csproj", "{CF127A99-99E1-462C-8F83-CAC3D6689B08}"
EndProject
Project("{FAE04EC0-301F-11D3-BF4B-00C04F79EFBC}") = "UserRegistrationTests", "..\UserRegistrationTests\UserRegistrationTests.csproj", "{0C84630A-6A27-4ACB-BD7A-6D59D5B6B5D3}"
EndProject
Global
	GlobalSection(SolutionConfigurationPlatforms) = preSolution
		Debug|Any CPU = Debug|Any CPU
		Release|Any CPU = Release|Any CPU
	EndGlobalSection
	GlobalSection(ProjectConfigurationPlatforms) = postSolution
		{CF127A99-99E1-462C-8F83-CAC3D6689B08}.Debug|Any CPU.ActiveCfg = Debug|Any CPU
		{CF127A99-99E1-462C-8F83-CAC3D6689B08}.Debug|Any CPU.Build.0 = Debug|Any CPU
		{CF127A99-99E1-462C-8F83-CAC3D6689B08}.Release|Any CPU.ActiveCfg = Release|Any CPU
		{CF127A99-99E1-462C-8F83-CAC3D6689B08}.Release|Any CPU.Build.0 = Release|Any CPU
		{0C84630A-6A27-4ACB-BD7A-6D59D5B6B5D3}.Debug|Any CPU.ActiveCfg = Debug|Any CPU
		{0C84630A-6A27-4ACB-BD7A-6D59D5B6B5D3}.Debug|Any CPU.Build.0 = Debug|Any CPU
		{0C84630A-6A27-4ACB-BD7A-6D59D5B6B5D3}.Release|Any CPU.ActiveCfg = Release|Any CPU
		{0C84630A-6A27-4ACB-BD7A-6D59D5B6B5D3}.Release|Any CPU.Build.0 = Release|Any CPU
	EndGlobalSection
	GlobalSection(SolutionProperties) = preSolution
		HideSolutionNode = FALSE
	EndGlobalSection
	GlobalSection(ExtensibilityGlobals) = postSolution
		SolutionGuid = {4A92E720-9259-471B-8BC4-E03B1BC48EF9}
	EndGlobalSection
EndGlobal
