
Microsoft Visual Studio Solution File, Format Version 12.00
# Visual Studio Version 16
VisualStudioVersion = 16.0.32901.82
MinimumVisualStudioVersion = 10.0.40219.1
Project("{FAE04EC0-301F-11D3-BF4B-00C04F79EFBC}") = "MyCalcLib", "MyCalcLib.csproj", "{22A4A96A-A30C-4176-948E-57257DA607D8}"
EndProject
Project("{FAE04EC0-301F-11D3-BF4B-00C04F79EFBC}") = "MyCalcLibTests", "..\MyCalcLibTests\MyCalcLibTests.csproj", "{C1D386A7-219F-4F9B-ADB2-94BBF8A74065}"
EndProject
Global
	GlobalSection(SolutionConfigurationPlatforms) = preSolution
		Debug|Any CPU = Debug|Any CPU
		Release|Any CPU = Release|Any CPU
	EndGlobalSection
	GlobalSection(ProjectConfigurationPlatforms) = postSolution
		{22A4A96A-A30C-4176-948E-57257DA607D8}.Debug|Any CPU.ActiveCfg = Debug|Any CPU
		{22A4A96A-A30C-4176-948E-57257DA607D8}.Debug|Any CPU.Build.0 = Debug|Any CPU
		{22A4A96A-A30C-4176-948E-57257DA607D8}.Release|Any CPU.ActiveCfg = Release|Any CPU
		{22A4A96A-A30C-4176-948E-57257DA607D8}.Release|Any CPU.Build.0 = Release|Any CPU
		{C1D386A7-219F-4F9B-ADB2-94BBF8A74065}.Debug|Any CPU.ActiveCfg = Debug|Any CPU
		{C1D386A7-219F-4F9B-ADB2-94BBF8A74065}.Debug|Any CPU.Build.0 = Debug|Any CPU
		{C1D386A7-219F-4F9B-ADB2-94BBF8A74065}.Release|Any CPU.ActiveCfg = Release|Any CPU
		{C1D386A7-219F-4F9B-ADB2-94BBF8A74065}.Release|Any CPU.Build.0 = Release|Any CPU
	EndGlobalSection
	GlobalSection(SolutionProperties) = preSolution
		HideSolutionNode = FALSE
	EndGlobalSection
	GlobalSection(ExtensibilityGlobals) = postSolution
		SolutionGuid = {E6DD3AF8-F34A-4603-B6D2-B314E44CAA12}
	EndGlobalSection
EndGlobal
